lockfileVersion: '9.0'

settings:
  autoInstallPeers: true
  excludeLinksFromLockfile: false

importers:

  .:
    devDependencies:
      miniprogram-api-typings:
        specifier: ^4.1.0
        version: 4.1.0

packages:

  miniprogram-api-typings@4.1.0:
    resolution: {integrity: sha512-4RBsz27nBKyRkVGoNkRaPx24/KeJBw3zaaIlXDR8s/WBh2PbcUAc+q7wLLbp7Qsmb3bLzzUu7tqAti+B06kmjg==}

snapshots:

  miniprogram-api-typings@4.1.0: {}
